// !$*UTF8*$!
{
	archiveVersion = 1;
	classes = {
	};
	objectVersion = 77;
	objects = {

/* Begin PBXContainerItemProxy section */
		E17523342DAEADE000A3EF6D /* PBXContainerItemProxy */ = {
			isa = PBXContainerItemProxy;
			containerPortal = E17523122DAEADDE00A3EF6D /* Project object */;
			proxyType = 1;
			remoteGlobalIDString = E17523192DAEADDE00A3EF6D;
			remoteInfo = Notes;
		};
		E175233E2DAEADE000A3EF6D /* PBXContainerItemProxy */ = {
			isa = PBXContainerItemProxy;
			containerPortal = E17523122DAEADDE00A3EF6D /* Project object */;
			proxyType = 1;
			remoteGlobalIDString = E17523192DAEADDE00A3EF6D;
			remoteInfo = Notes;
		};
/* End PBXContainerItemProxy section */

/* Begin PBXFileReference section */
		E175231A2DAEADDE00A3EF6D /* Notes.app */ = {isa = PBXFileReference; explicitFileType = wrapper.application; includeInIndex = 0; path = Notes.app; sourceTree = BUILT_PRODUCTS_DIR; };
		E17523332DAEADE000A3EF6D /* NotesTests.xctest */ = {isa = PBXFileReference; explicitFileType = wrapper.cfbundle; includeInIndex = 0; path = NotesTests.xctest; sourceTree = BUILT_PRODUCTS_DIR; };
		E175233D2DAEADE000A3EF6D /* NotesUITests.xctest */ = {isa = PBXFileReference; explicitFileType = wrapper.cfbundle; includeInIndex = 0; path = NotesUITests.xctest; sourceTree = BUILT_PRODUCTS_DIR; };
		E17523512DAEAE1000A3EF6D /* .gitignore */ = {isa = PBXFileReference; lastKnownFileType = text; path = .gitignore; sourceTree = "<group>"; };
/* End PBXFileReference section */

/* Begin PBXFileSystemSynchronizedBuildFileExceptionSet section */
		E17523452DAEADE000A3EF6D /* Exceptions for "Notes" folder in "Notes" target */ = {
			isa = PBXFileSystemSynchronizedBuildFileExceptionSet;
			membershipExceptions = (
				Info.plist,
			);
			target = E17523192DAEADDE00A3EF6D /* Notes */;
		};
/* End PBXFileSystemSynchronizedBuildFileExceptionSet section */

/* Begin PBXFileSystemSynchronizedRootGroup section */
		E175231C2DAEADDE00A3EF6D /* Notes */ = {
			isa = PBXFileSystemSynchronizedRootGroup;
			exceptions = (
				E17523452DAEADE000A3EF6D /* Exceptions for "Notes" folder in "Notes" target */,
			);
			path = Notes;
			sourceTree = "<group>";
		};
		E17523362DAEADE000A3EF6D /* NotesTests */ = {
			isa = PBXFileSystemSynchronizedRootGroup;
			path = NotesTests;
			sourceTree = "<group>";
		};
		E17523402DAEADE000A3EF6D /* NotesUITests */ = {
			isa = PBXFileSystemSynchronizedRootGroup;
			path = NotesUITests;
			sourceTree = "<group>";
		};
/* End PBXFileSystemSynchronizedRootGroup section */

/* Begin PBXFrameworksBuildPhase section */
		E17523172DAEADDE00A3EF6D /* Frameworks */ = {
			isa = PBXFrameworksBuildPhase;
			buildActionMask = 2147483647;
			files = (
			);
			runOnlyForDeploymentPostprocessing = 0;
		};
		E17523302DAEADE000A3EF6D /* Frameworks */ = {
			isa = PBXFrameworksBuildPhase;
			buildActionMask = 2147483647;
			files = (
			);
			runOnlyForDeploymentPostprocessing = 0;
		};
		E175233A2DAEADE000A3EF6D /* Frameworks */ = {
			isa = PBXFrameworksBuildPhase;
			buildActionMask = 2147483647;
			files = (
			);
			runOnlyForDeploymentPostprocessing = 0;
		};
/* End PBXFrameworksBuildPhase section */

/* Begin PBXGroup section */
		E17523112DAEADDE00A3EF6D = {
			isa = PBXGroup;
			children = (
				E175231C2DAEADDE00A3EF6D /* Notes */,
				E17523362DAEADE000A3EF6D /* NotesTests */,
				E17523402DAEADE000A3EF6D /* NotesUITests */,
				E175231B2DAEADDE00A3EF6D /* Products */,
				E17523512DAEAE1000A3EF6D /* .gitignore */,
			);
			sourceTree = "<group>";
		};
		E175231B2DAEADDE00A3EF6D /* Products */ = {
			isa = PBXGroup;
			children = (
				E175231A2DAEADDE00A3EF6D /* Notes.app */,
				E17523332DAEADE000A3EF6D /* NotesTests.xctest */,
				E175233D2DAEADE000A3EF6D /* NotesUITests.xctest */,
			);
			name = Products;
			sourceTree = "<group>";
		};
/* End PBXGroup section */

/* Begin PBXNativeTarget section */
		E17523192DAEADDE00A3EF6D /* Notes */ = {
			isa = PBXNativeTarget;
			buildConfigurationList = E17523462DAEADE000A3EF6D /* Build configuration list for PBXNativeTarget "Notes" */;
			buildPhases = (
				E17523162DAEADDE00A3EF6D /* Sources */,
				E17523172DAEADDE00A3EF6D /* Frameworks */,
				E17523182DAEADDE00A3EF6D /* Resources */,
			);
			buildRules = (
			);
			dependencies = (
			);
			fileSystemSynchronizedGroups = (
				E175231C2DAEADDE00A3EF6D /* Notes */,
			);
			name = Notes;
			packageProductDependencies = (
			);
			productName = Notes;
			productReference = E175231A2DAEADDE00A3EF6D /* Notes.app */;
			productType = "com.apple.product-type.application";
		};
		E17523322DAEADE000A3EF6D /* NotesTests */ = {
			isa = PBXNativeTarget;
			buildConfigurationList = E175234B2DAEADE000A3EF6D /* Build configuration list for PBXNativeTarget "NotesTests" */;
			buildPhases = (
				E175232F2DAEADE000A3EF6D /* Sources */,
				E17523302DAEADE000A3EF6D /* Frameworks */,
				E17523312DAEADE000A3EF6D /* Resources */,
			);
			buildRules = (
			);
			dependencies = (
				E17523352DAEADE000A3EF6D /* PBXTargetDependency */,
			);
			fileSystemSynchronizedGroups = (
				E17523362DAEADE000A3EF6D /* NotesTests */,
			);
			name = NotesTests;
			packageProductDependencies = (
			);
			productName = NotesTests;
			productReference = E17523332DAEADE000A3EF6D /* NotesTests.xctest */;
			productType = "com.apple.product-type.bundle.unit-test";
		};
		E175233C2DAEADE000A3EF6D /* NotesUITests */ = {
			isa = PBXNativeTarget;
			buildConfigurationList = E175234E2DAEADE000A3EF6D /* Build configuration list for PBXNativeTarget "NotesUITests" */;
			buildPhases = (
				E17523392DAEADE000A3EF6D /* Sources */,
				E175233A2DAEADE000A3EF6D /* Frameworks */,
				E175233B2DAEADE000A3EF6D /* Resources */,
			);
			buildRules = (
			);
			dependencies = (
				E175233F2DAEADE000A3EF6D /* PBXTargetDependency */,
			);
			fileSystemSynchronizedGroups = (
				E17523402DAEADE000A3EF6D /* NotesUITests */,
			);
			name = NotesUITests;
			packageProductDependencies = (
			);
			productName = NotesUITests;
			productReference = E175233D2DAEADE000A3EF6D /* NotesUITests.xctest */;
			productType = "com.apple.product-type.bundle.ui-testing";
		};
/* End PBXNativeTarget section */

/* Begin PBXProject section */
		E17523122DAEADDE00A3EF6D /* Project object */ = {
			isa = PBXProject;
			attributes = {
				BuildIndependentTargetsInParallel = 1;
				LastSwiftUpdateCheck = 1600;
				LastUpgradeCheck = 1600;
				TargetAttributes = {
					E17523192DAEADDE00A3EF6D = {
						CreatedOnToolsVersion = 16.0;
					};
					E17523322DAEADE000A3EF6D = {
						CreatedOnToolsVersion = 16.0;
						TestTargetID = E17523192DAEADDE00A3EF6D;
					};
					E175233C2DAEADE000A3EF6D = {
						CreatedOnToolsVersion = 16.0;
						TestTargetID = E17523192DAEADDE00A3EF6D;
					};
				};
			};
			buildConfigurationList = E17523152DAEADDE00A3EF6D /* Build configuration list for PBXProject "Notes" */;
			developmentRegion = en;
			hasScannedForEncodings = 0;
			knownRegions = (
				en,
				Base,
			);
			mainGroup = E17523112DAEADDE00A3EF6D;
			minimizedProjectReferenceProxies = 1;
			preferredProjectObjectVersion = 77;
			productRefGroup = E175231B2DAEADDE00A3EF6D /* Products */;
			projectDirPath = "";
			projectRoot = "";
			targets = (
				E17523192DAEADDE00A3EF6D /* Notes */,
				E17523322DAEADE000A3EF6D /* NotesTests */,
				E175233C2DAEADE000A3EF6D /* NotesUITests */,
			);
		};
/* End PBXProject section */

/* Begin PBXResourcesBuildPhase section */
		E17523182DAEADDE00A3EF6D /* Resources */ = {
			isa = PBXResourcesBuildPhase;
			buildActionMask = 2147483647;
			files = (
			);
			runOnlyForDeploymentPostprocessing = 0;
		};
		E17523312DAEADE000A3EF6D /* Resources */ = {
			isa = PBXResourcesBuildPhase;
			buildActionMask = 2147483647;
			files = (
			);
			runOnlyForDeploymentPostprocessing = 0;
		};
		E175233B2DAEADE000A3EF6D /* Resources */ = {
			isa = PBXResourcesBuildPhase;
			buildActionMask = 2147483647;
			files = (
			);
			runOnlyForDeploymentPostprocessing = 0;
		};
/* End PBXResourcesBuildPhase section */

/* Begin PBXSourcesBuildPhase section */
		E17523162DAEADDE00A3EF6D /* Sources */ = {
			isa = PBXSourcesBuildPhase;
			buildActionMask = 2147483647;
			files = (
			);
			runOnlyForDeploymentPostprocessing = 0;
		};
		E175232F2DAEADE000A3EF6D /* Sources */ = {
			isa = PBXSourcesBuildPhase;
			buildActionMask = 2147483647;
			files = (
			);
			runOnlyForDeploymentPostprocessing = 0;
		};
		E17523392DAEADE000A3EF6D /* Sources */ = {
			isa = PBXSourcesBuildPhase;
			buildActionMask = 2147483647;
			files = (
			);
			runOnlyForDeploymentPostprocessing = 0;
		};
/* End PBXSourcesBuildPhase section */

/* Begin PBXTargetDependency section */
		E17523352DAEADE000A3EF6D /* PBXTargetDependency */ = {
			isa = PBXTargetDependency;
			target = E17523192DAEADDE00A3EF6D /* Notes */;
			targetProxy = E17523342DAEADE000A3EF6D /* PBXContainerItemProxy */;
		};
		E175233F2DAEADE000A3EF6D /* PBXTargetDependency */ = {
			isa = PBXTargetDependency;
			target = E17523192DAEADDE00A3EF6D /* Notes */;
			targetProxy = E175233E2DAEADE000A3EF6D /* PBXContainerItemProxy */;
		};
/* End PBXTargetDependency section */

/* Begin XCBuildConfiguration section */
		E17523472DAEADE000A3EF6D /* Debug */ = {
			isa = XCBuildConfiguration;
			buildSettings = {
				ASSETCATALOG_COMPILER_APPICON_NAME = AppIcon;
				ASSETCATALOG_COMPILER_GLOBAL_ACCENT_COLOR_NAME = AccentColor;
				CODE_SIGN_STYLE = Automatic;
				CURRENT_PROJECT_VERSION = 1;
				DEVELOPMENT_TEAM = KK7265PY5G;
				GENERATE_INFOPLIST_FILE = YES;
				INFOPLIST_FILE = Notes/Info.plist;
				INFOPLIST_KEY_UIApplicationSupportsIndirectInputEvents = YES;
				INFOPLIST_KEY_UILaunchStoryboardName = LaunchScreen;
				INFOPLIST_KEY_UIMainStoryboardFile = Main;
				INFOPLIST_KEY_UISupportedInterfaceOrientations_iPad = "UIInterfaceOrientationPortrait UIInterfaceOrientationPortraitUpsideDown UIInterfaceOrientationLandscapeLeft UIInterfaceOrientationLandscapeRight";
				INFOPLIST_KEY_UISupportedInterfaceOrientations_iPhone = "UIInterfaceOrientationPortrait UIInterfaceOrientationLandscapeLeft UIInterfaceOrientationLandscapeRight";
				LD_RUNPATH_SEARCH_PATHS = (
					"$(inherited)",
					"@executable_path/Frameworks",
				);
				MARKETING_VERSION = 1.0;
				PRODUCT_BUNDLE_IDENTIFIER = Danil.Notes;
				PRODUCT_NAME = "$(TARGET_NAME)";
				SWIFT_EMIT_LOC_STRINGS = YES;
				SWIFT_VERSION = 5.0;
				TARGETED_DEVICE_FAMILY = "1,2";
			};
			name = Debug;
		};
		E17523482DAEADE000A3EF6D /* Release */ = {
			isa = XCBuildConfiguration;
			buildSettings = {
				ASSETCATALOG_COMPILER_APPICON_NAME = AppIcon;
				ASSETCATALOG_COMPILER_GLOBAL_ACCENT_COLOR_NAME = AccentColor;
				CODE_SIGN_STYLE = Automatic;
				CURRENT_PROJECT_VERSION = 1;
				DEVELOPMENT_TEAM = KK7265PY5G;
				GENERATE_INFOPLIST_FILE = YES;
				INFOPLIST_FILE = Notes/Info.plist;
				INFOPLIST_KEY_UIApplicationSupportsIndirectInputEvents = YES;
				INFOPLIST_KEY_UILaunchStoryboardName = LaunchScreen;
				INFOPLIST_KEY_UIMainStoryboardFile = Main;
				INFOPLIST_KEY_UISupportedInterfaceOrientations_iPad = "UIInterfaceOrientationPortrait UIInterfaceOrientationPortraitUpsideDown UIInterfaceOrientationLandscapeLeft UIInterfaceOrientationLandscapeRight";
				INFOPLIST_KEY_UISupportedInterfaceOrientations_iPhone = "UIInterfaceOrientationPortrait UIInterfaceOrientationLandscapeLeft UIInterfaceOrientationLandscapeRight";
				LD_RUNPATH_SEARCH_PATHS = (
					"$(inherited)",
					"@executable_path/Frameworks",
				);
				MARKETING_VERSION = 1.0;
				PRODUCT_BUNDLE_IDENTIFIER = Danil.Notes;
				PRODUCT_NAME = "$(TARGET_NAME)";
				SWIFT_EMIT_LOC_STRINGS = YES;
				SWIFT_VERSION = 5.0;
				TARGETED_DEVICE_FAMILY = "1,2";
			};
			name = Release;
		};
		E17523492DAEADE000A3EF6D /* Debug */ = {
			isa = XCBuildConfiguration;
			buildSettings = {
				ALWAYS_SEARCH_USER_PATHS = NO;
				ASSETCATALOG_COMPILER_GENERATE_SWIFT_ASSET_SYMBOL_EXTENSIONS = YES;
				CLANG_ANALYZER_NONNULL = YES;
				CLANG_ANALYZER_NUMBER_OBJECT_CONVERSION = YES_AGGRESSIVE;
				CLANG_CXX_LANGUAGE_STANDARD = "gnu++20";
				CLANG_ENABLE_MODULES = YES;
				CLANG_ENABLE_OBJC_ARC = YES;
				CLANG_ENABLE_OBJC_WEAK = YES;
				CLANG_WARN_BLOCK_CAPTURE_AUTORELEASING = YES;
				CLANG_WARN_BOOL_CONVERSION = YES;
				CLANG_WARN_COMMA = YES;
				CLANG_WARN_CONSTANT_CONVERSION = YES;
				CLANG_WARN_DEPRECATED_OBJC_IMPLEMENTATIONS = YES;
				CLANG_WARN_DIRECT_OBJC_ISA_USAGE = YES_ERROR;
				CLANG_WARN_DOCUMENTATION_COMMENTS = YES;
				CLANG_WARN_EMPTY_BODY = YES;
				CLANG_WARN_ENUM_CONVERSION = YES;
				CLANG_WARN_INFINITE_RECURSION = YES;
				CLANG_WARN_INT_CONVERSION = YES;
				CLANG_WARN_NON_LITERAL_NULL_CONVERSION = YES;
				CLANG_WARN_OBJC_IMPLICIT_RETAIN_SELF = YES;
				CLANG_WARN_OBJC_LITERAL_CONVERSION = YES;
				CLANG_WARN_OBJC_ROOT_CLASS = YES_ERROR;
				CLANG_WARN_QUOTED_INCLUDE_IN_FRAMEWORK_HEADER = YES;
				CLANG_WARN_RANGE_LOOP_ANALYSIS = YES;
				CLANG_WARN_STRICT_PROTOTYPES = YES;
				CLANG_WARN_SUSPICIOUS_MOVE = YES;
				CLANG_WARN_UNGUARDED_AVAILABILITY = YES_AGGRESSIVE;
				CLANG_WARN_UNREACHABLE_CODE = YES;
				CLANG_WARN__DUPLICATE_METHOD_MATCH = YES;
				COPY_PHASE_STRIP = NO;
				DEBUG_INFORMATION_FORMAT = dwarf;
				ENABLE_STRICT_OBJC_MSGSEND = YES;
				ENABLE_TESTABILITY = YES;
				ENABLE_USER_SCRIPT_SANDBOXING = YES;
				GCC_C_LANGUAGE_STANDARD = gnu17;
				GCC_DYNAMIC_NO_PIC = NO;
				GCC_NO_COMMON_BLOCKS = YES;
				GCC_OPTIMIZATION_LEVEL = 0;
				GCC_PREPROCESSOR_DEFINITIONS = (
					"DEBUG=1",
					"$(inherited)",
				);
				GCC_WARN_64_TO_32_BIT_CONVERSION = YES;
				GCC_WARN_ABOUT_RETURN_TYPE = YES_ERROR;
				GCC_WARN_UNDECLARED_SELECTOR = YES;
				GCC_WARN_UNINITIALIZED_AUTOS = YES_AGGRESSIVE;
				GCC_WARN_UNUSED_FUNCTION = YES;
				GCC_WARN_UNUSED_VARIABLE = YES;
				IPHONEOS_DEPLOYMENT_TARGET = 18.0;
				LOCALIZATION_PREFERS_STRING_CATALOGS = YES;
				MTL_ENABLE_DEBUG_INFO = INCLUDE_SOURCE;
				MTL_FAST_MATH = YES;
				ONLY_ACTIVE_ARCH = YES;
				SDKROOT = iphoneos;
				SWIFT_ACTIVE_COMPILATION_CONDITIONS = "DEBUG $(inherited)";
				SWIFT_OPTIMIZATION_LEVEL = "-Onone";
			};
			name = Debug;
		};
		E175234A2DAEADE000A3EF6D /* Release */ = {
			isa = XCBuildConfiguration;
			buildSettings = {
				ALWAYS_SEARCH_USER_PATHS = NO;
				ASSETCATALOG_COMPILER_GENERATE_SWIFT_ASSET_SYMBOL_EXTENSIONS = YES;
				CLANG_ANALYZER_NONNULL = YES;
				CLANG_ANALYZER_NUMBER_OBJECT_CONVERSION = YES_AGGRESSIVE;
				CLANG_CXX_LANGUAGE_STANDARD = "gnu++20";
				CLANG_ENABLE_MODULES = YES;
				CLANG_ENABLE_OBJC_ARC = YES;
				CLANG_ENABLE_OBJC_WEAK = YES;
				CLANG_WARN_BLOCK_CAPTURE_AUTORELEASING = YES;
				CLANG_WARN_BOOL_CONVERSION = YES;
				CLANG_WARN_COMMA = YES;
				CLANG_WARN_CONSTANT_CONVERSION = YES;
				CLANG_WARN_DEPRECATED_OBJC_IMPLEMENTATIONS = YES;
				CLANG_WARN_DIRECT_OBJC_ISA_USAGE = YES_ERROR;
				CLANG_WARN_DOCUMENTATION_COMMENTS = YES;
				CLANG_WARN_EMPTY_BODY = YES;
				CLANG_WARN_ENUM_CONVERSION = YES;
				CLANG_WARN_INFINITE_RECURSION = YES;
				CLANG_WARN_INT_CONVERSION = YES;
				CLANG_WARN_NON_LITERAL_NULL_CONVERSION = YES;
				CLANG_WARN_OBJC_IMPLICIT_RETAIN_SELF = YES;
				CLANG_WARN_OBJC_LITERAL_CONVERSION = YES;
				CLANG_WARN_OBJC_ROOT_CLASS = YES_ERROR;
				CLANG_WARN_QUOTED_INCLUDE_IN_FRAMEWORK_HEADER = YES;
				CLANG_WARN_RANGE_LOOP_ANALYSIS = YES;
				CLANG_WARN_STRICT_PROTOTYPES = YES;
				CLANG_WARN_SUSPICIOUS_MOVE = YES;
				CLANG_WARN_UNGUARDED_AVAILABILITY = YES_AGGRESSIVE;
				CLANG_WARN_UNREACHABLE_CODE = YES;
				CLANG_WARN__DUPLICATE_METHOD_MATCH = YES;
				COPY_PHASE_STRIP = NO;
				DEBUG_INFORMATION_FORMAT = "dwarf-with-dsym";
				ENABLE_NS_ASSERTIONS = NO;
				ENABLE_STRICT_OBJC_MSGSEND = YES;
				ENABLE_USER_SCRIPT_SANDBOXING = YES;
				GCC_C_LANGUAGE_STANDARD = gnu17;
				GCC_NO_COMMON_BLOCKS = YES;
				GCC_WARN_64_TO_32_BIT_CONVERSION = YES;
				GCC_WARN_ABOUT_RETURN_TYPE = YES_ERROR;
				GCC_WARN_UNDECLARED_SELECTOR = YES;
				GCC_WARN_UNINITIALIZED_AUTOS = YES_AGGRESSIVE;
				GCC_WARN_UNUSED_FUNCTION = YES;
				GCC_WARN_UNUSED_VARIABLE = YES;
				IPHONEOS_DEPLOYMENT_TARGET = 18.0;
				LOCALIZATION_PREFERS_STRING_CATALOGS = YES;
				MTL_ENABLE_DEBUG_INFO = NO;
				MTL_FAST_MATH = YES;
				SDKROOT = iphoneos;
				SWIFT_COMPILATION_MODE = wholemodule;
				VALIDATE_PRODUCT = YES;
			};
			name = Release;
		};
		E175234C2DAEADE000A3EF6D /* Debug */ = {
			isa = XCBuildConfiguration;
			buildSettings = {
				BUNDLE_LOADER = "$(TEST_HOST)";
				CODE_SIGN_STYLE = Automatic;
				CURRENT_PROJECT_VERSION = 1;
				DEVELOPMENT_TEAM = KK7265PY5G;
				GENERATE_INFOPLIST_FILE = YES;
				IPHONEOS_DEPLOYMENT_TARGET = 18.0;
				MARKETING_VERSION = 1.0;
				PRODUCT_BUNDLE_IDENTIFIER = Danil.NotesTests;
				PRODUCT_NAME = "$(TARGET_NAME)";
				SWIFT_EMIT_LOC_STRINGS = NO;
				SWIFT_VERSION = 5.0;
				TARGETED_DEVICE_FAMILY = "1,2";
				TEST_HOST = "$(BUILT_PRODUCTS_DIR)/Notes.app/$(BUNDLE_EXECUTABLE_FOLDER_PATH)/Notes";
			};
			name = Debug;
		};
		E175234D2DAEADE000A3EF6D /* Release */ = {
			isa = XCBuildConfiguration;
			buildSettings = {
				BUNDLE_LOADER = "$(TEST_HOST)";
				CODE_SIGN_STYLE = Automatic;
				CURRENT_PROJECT_VERSION = 1;
				DEVELOPMENT_TEAM = KK7265PY5G;
				GENERATE_INFOPLIST_FILE = YES;
				IPHONEOS_DEPLOYMENT_TARGET = 18.0;
				MARKETING_VERSION = 1.0;
				PRODUCT_BUNDLE_IDENTIFIER = Danil.NotesTests;
				PRODUCT_NAME = "$(TARGET_NAME)";
				SWIFT_EMIT_LOC_STRINGS = NO;
				SWIFT_VERSION = 5.0;
				TARGETED_DEVICE_FAMILY = "1,2";
				TEST_HOST = "$(BUILT_PRODUCTS_DIR)/Notes.app/$(BUNDLE_EXECUTABLE_FOLDER_PATH)/Notes";
			};
			name = Release;
		};
		E175234F2DAEADE000A3EF6D /* Debug */ = {
			isa = XCBuildConfiguration;
			buildSettings = {
				CODE_SIGN_STYLE = Automatic;
				CURRENT_PROJECT_VERSION = 1;
				DEVELOPMENT_TEAM = KK7265PY5G;
				GENERATE_INFOPLIST_FILE = YES;
				MARKETING_VERSION = 1.0;
				PRODUCT_BUNDLE_IDENTIFIER = Danil.NotesUITests;
				PRODUCT_NAME = "$(TARGET_NAME)";
				SWIFT_EMIT_LOC_STRINGS = NO;
				SWIFT_VERSION = 5.0;
				TARGETED_DEVICE_FAMILY = "1,2";
				TEST_TARGET_NAME = Notes;
			};
			name = Debug;
		};
		E17523502DAEADE000A3EF6D /* Release */ = {
			isa = XCBuildConfiguration;
			buildSettings = {
				CODE_SIGN_STYLE = Automatic;
				CURRENT_PROJECT_VERSION = 1;
				DEVELOPMENT_TEAM = KK7265PY5G;
				GENERATE_INFOPLIST_FILE = YES;
				MARKETING_VERSION = 1.0;
				PRODUCT_BUNDLE_IDENTIFIER = Danil.NotesUITests;
				PRODUCT_NAME = "$(TARGET_NAME)";
				SWIFT_EMIT_LOC_STRINGS = NO;
				SWIFT_VERSION = 5.0;
				TARGETED_DEVICE_FAMILY = "1,2";
				TEST_TARGET_NAME = Notes;
			};
			name = Release;
		};
/* End XCBuildConfiguration section */

/* Begin XCConfigurationList section */
		E17523152DAEADDE00A3EF6D /* Build configuration list for PBXProject "Notes" */ = {
			isa = XCConfigurationList;
			buildConfigurations = (
				E17523492DAEADE000A3EF6D /* Debug */,
				E175234A2DAEADE000A3EF6D /* Release */,
			);
			defaultConfigurationIsVisible = 0;
			defaultConfigurationName = Release;
		};
		E17523462DAEADE000A3EF6D /* Build configuration list for PBXNativeTarget "Notes" */ = {
			isa = XCConfigurationList;
			buildConfigurations = (
				E17523472DAEADE000A3EF6D /* Debug */,
				E17523482DAEADE000A3EF6D /* Release */,
			);
			defaultConfigurationIsVisible = 0;
			defaultConfigurationName = Release;
		};
		E175234B2DAEADE000A3EF6D /* Build configuration list for PBXNativeTarget "NotesTests" */ = {
			isa = XCConfigurationList;
			buildConfigurations = (
				E175234C2DAEADE000A3EF6D /* Debug */,
				E175234D2DAEADE000A3EF6D /* Release */,
			);
			defaultConfigurationIsVisible = 0;
			defaultConfigurationName = Release;
		};
		E175234E2DAEADE000A3EF6D /* Build configuration list for PBXNativeTarget "NotesUITests" */ = {
			isa = XCConfigurationList;
			buildConfigurations = (
				E175234F2DAEADE000A3EF6D /* Debug */,
				E17523502DAEADE000A3EF6D /* Release */,
			);
			defaultConfigurationIsVisible = 0;
			defaultConfigurationName = Release;
		};
/* End XCConfigurationList section */
	};
	rootObject = E17523122DAEADDE00A3EF6D /* Project object */;
}
